
Microsoft Visual Studio Solution File, Format Version 12.00
# Visual Studio Version 17
VisualStudioVersion = 17.2.32519.379
MinimumVisualStudioVersion = 10.0.40219.1
Project("{FAE04EC0-301F-11D3-BF4B-00C04F79EFBC}") = "Расписание2", "Расписание2\Расписание2.csproj", "{042E7385-C79C-433F-9629-D2FC5D2B89BE}"
EndProject
Global
	GlobalSection(SolutionConfigurationPlatforms) = preSolution
		Debug|Any CPU = Debug|Any CPU
		Release|Any CPU = Release|Any CPU
	EndGlobalSection
	GlobalSection(ProjectConfigurationPlatforms) = postSolution
		{042E7385-C79C-433F-9629-D2FC5D2B89BE}.Debug|Any CPU.ActiveCfg = Debug|Any CPU
		{042E7385-C79C-433F-9629-D2FC5D2B89BE}.Debug|Any CPU.Build.0 = Debug|Any CPU
		{042E7385-C79C-433F-9629-D2FC5D2B89BE}.Release|Any CPU.ActiveCfg = Release|Any CPU
		{042E7385-C79C-433F-9629-D2FC5D2B89BE}.Release|Any CPU.Build.0 = Release|Any CPU
	EndGlobalSection
	GlobalSection(SolutionProperties) = preSolution
		HideSolutionNode = FALSE
	EndGlobalSection
	GlobalSection(ExtensibilityGlobals) = postSolution
		SolutionGuid = {6C7529CD-BA41-4F02-8672-9E1A004D22CF}
	EndGlobalSection
EndGlobal
